
Microsoft Visual Studio Solution File, Format Version 12.00
# Visual Studio Version 17
VisualStudioVersion = 17.4.33205.214
MinimumVisualStudioVersion = 10.0.40219.1
Project("{9A19103F-16F7-4668-BE54-9A1E7A4F7556}") = "Day 4", "Day 4\Day 4.csproj", "{4C74232A-7DA1-476C-B539-9343D006BD1E}"
EndProject
Project("{9A19103F-16F7-4668-BE54-9A1E7A4F7556}") = "Day 1", "Day 1\Day 1.csproj", "{BC71B74B-4B3B-4AA0-8301-DF02163958B9}"
EndProject
Project("{9A19103F-16F7-4668-BE54-9A1E7A4F7556}") = "Day 2", "Day 2\Day 2.csproj", "{B6A0C4CC-D18C-4288-84A7-2E06BDE58337}"
EndProject
Project("{9A19103F-16F7-4668-BE54-9A1E7A4F7556}") = "Day 3", "Day 3\Day 3.csproj", "{59234292-59A1-4524-9A57-55AD5F72ECB4}"
EndProject
Project("{9A19103F-16F7-4668-BE54-9A1E7A4F7556}") = "Day 5", "Day 5\Day 5.csproj", "{BCBD2DC3-86B3-47D6-861C-E48DF3953BE3}"
EndProject
Project("{9A19103F-16F7-4668-BE54-9A1E7A4F7556}") = "Day 6", "Day 6\Day 6.csproj", "{EBFA43C9-7A7C-4C35-AB01-CED98F6C5478}"
EndProject
Project("{9A19103F-16F7-4668-BE54-9A1E7A4F7556}") = "Day 7", "Day 7\Day 7.csproj", "{F19347F0-CADB-41D2-8288-52D821CF2029}"
EndProject
Project("{9A19103F-16F7-4668-BE54-9A1E7A4F7556}") = "Day 8", "Day 8\Day 8.csproj", "{1482D098-3A90-4CDF-BE62-B9F69552F8FD}"
EndProject
Project("{FAE04EC0-301F-11D3-BF4B-00C04F79EFBC}") = "Day 9", "Day 9\Day 9.csproj", "{02976E76-D049-4F3D-B5BE-B965DCCD9556}"
EndProject
Global
	GlobalSection(SolutionConfigurationPlatforms) = preSolution
		Debug|Any CPU = Debug|Any CPU
		Release|Any CPU = Release|Any CPU
	EndGlobalSection
	GlobalSection(ProjectConfigurationPlatforms) = postSolution
		{4C74232A-7DA1-476C-B539-9343D006BD1E}.Debug|Any CPU.ActiveCfg = Debug|Any CPU
		{4C74232A-7DA1-476C-B539-9343D006BD1E}.Debug|Any CPU.Build.0 = Debug|Any CPU
		{4C74232A-7DA1-476C-B539-9343D006BD1E}.Release|Any CPU.ActiveCfg = Release|Any CPU
		{4C74232A-7DA1-476C-B539-9343D006BD1E}.Release|Any CPU.Build.0 = Release|Any CPU
		{BC71B74B-4B3B-4AA0-8301-DF02163958B9}.Debug|Any CPU.ActiveCfg = Debug|Any CPU
		{BC71B74B-4B3B-4AA0-8301-DF02163958B9}.Debug|Any CPU.Build.0 = Debug|Any CPU
		{BC71B74B-4B3B-4AA0-8301-DF02163958B9}.Release|Any CPU.ActiveCfg = Release|Any CPU
		{BC71B74B-4B3B-4AA0-8301-DF02163958B9}.Release|Any CPU.Build.0 = Release|Any CPU
		{B6A0C4CC-D18C-4288-84A7-2E06BDE58337}.Debug|Any CPU.ActiveCfg = Debug|Any CPU
		{B6A0C4CC-D18C-4288-84A7-2E06BDE58337}.Debug|Any CPU.Build.0 = Debug|Any CPU
		{B6A0C4CC-D18C-4288-84A7-2E06BDE58337}.Release|Any CPU.ActiveCfg = Release|Any CPU
		{B6A0C4CC-D18C-4288-84A7-2E06BDE58337}.Release|Any CPU.Build.0 = Release|Any CPU
		{59234292-59A1-4524-9A57-55AD5F72ECB4}.Debug|Any CPU.ActiveCfg = Debug|Any CPU
		{59234292-59A1-4524-9A57-55AD5F72ECB4}.Debug|Any CPU.Build.0 = Debug|Any CPU
		{59234292-59A1-4524-9A57-55AD5F72ECB4}.Release|Any CPU.ActiveCfg = Release|Any CPU
		{59234292-59A1-4524-9A57-55AD5F72ECB4}.Release|Any CPU.Build.0 = Release|Any CPU
		{BCBD2DC3-86B3-47D6-861C-E48DF3953BE3}.Debug|Any CPU.ActiveCfg = Debug|Any CPU
		{BCBD2DC3-86B3-47D6-861C-E48DF3953BE3}.Debug|Any CPU.Build.0 = Debug|Any CPU
		{BCBD2DC3-86B3-47D6-861C-E48DF3953BE3}.Release|Any CPU.ActiveCfg = Release|Any CPU
		{BCBD2DC3-86B3-47D6-861C-E48DF3953BE3}.Release|Any CPU.Build.0 = Release|Any CPU
		{EBFA43C9-7A7C-4C35-AB01-CED98F6C5478}.Debug|Any CPU.ActiveCfg = Debug|Any CPU
		{EBFA43C9-7A7C-4C35-AB01-CED98F6C5478}.Debug|Any CPU.Build.0 = Debug|Any CPU
		{EBFA43C9-7A7C-4C35-AB01-CED98F6C5478}.Release|Any CPU.ActiveCfg = Release|Any CPU
		{EBFA43C9-7A7C-4C35-AB01-CED98F6C5478}.Release|Any CPU.Build.0 = Release|Any CPU
		{F19347F0-CADB-41D2-8288-52D821CF2029}.Debug|Any CPU.ActiveCfg = Debug|Any CPU
		{F19347F0-CADB-41D2-8288-52D821CF2029}.Debug|Any CPU.Build.0 = Debug|Any CPU
		{F19347F0-CADB-41D2-8288-52D821CF2029}.Release|Any CPU.ActiveCfg = Release|Any CPU
		{F19347F0-CADB-41D2-8288-52D821CF2029}.Release|Any CPU.Build.0 = Release|Any CPU
		{1482D098-3A90-4CDF-BE62-B9F69552F8FD}.Debug|Any CPU.ActiveCfg = Debug|Any CPU
		{1482D098-3A90-4CDF-BE62-B9F69552F8FD}.Debug|Any CPU.Build.0 = Debug|Any CPU
		{1482D098-3A90-4CDF-BE62-B9F69552F8FD}.Release|Any CPU.ActiveCfg = Release|Any CPU
		{1482D098-3A90-4CDF-BE62-B9F69552F8FD}.Release|Any CPU.Build.0 = Release|Any CPU
		{02976E76-D049-4F3D-B5BE-B965DCCD9556}.Debug|Any CPU.ActiveCfg = Debug|Any CPU
		{02976E76-D049-4F3D-B5BE-B965DCCD9556}.Debug|Any CPU.Build.0 = Debug|Any CPU
		{02976E76-D049-4F3D-B5BE-B965DCCD9556}.Release|Any CPU.ActiveCfg = Release|Any CPU
		{02976E76-D049-4F3D-B5BE-B965DCCD9556}.Release|Any CPU.Build.0 = Release|Any CPU
	EndGlobalSection
	GlobalSection(SolutionProperties) = preSolution
		HideSolutionNode = FALSE
	EndGlobalSection
	GlobalSection(ExtensibilityGlobals) = postSolution
		SolutionGuid = {48CFA155-10E8-4A57-80C0-A287D3C8F48E}
	EndGlobalSection
EndGlobal
